
Microsoft Visual Studio Solution File, Format Version 12.00
# Visual Studio Version 17
VisualStudioVersion = 17.8.34330.188
MinimumVisualStudioVersion = 10.0.40219.1
Project("{8BC9CEB8-8B4A-11D0-8D11-00A0C91BC942}") = "MineClone", "MineClone\MineClone.vcxproj", "{F80E7EDF-C40B-4482-A82A-1BE3B38D3B38}"
EndProject
Global
	GlobalSection(SolutionConfigurationPlatforms) = preSolution
		Debug|x64 = Debug|x64
		Debug|x86 = Debug|x86
		Release|x64 = Release|x64
		Release|x86 = Release|x86
	EndGlobalSection
	GlobalSection(ProjectConfigurationPlatforms) = postSolution
		{F80E7EDF-C40B-4482-A82A-1BE3B38D3B38}.Debug|x64.ActiveCfg = Debug|x64
		{F80E7EDF-C40B-4482-A82A-1BE3B38D3B38}.Debug|x64.Build.0 = Debug|x64
		{F80E7EDF-C40B-4482-A82A-1BE3B38D3B38}.Debug|x86.ActiveCfg = Debug|Win32
		{F80E7EDF-C40B-4482-A82A-1BE3B38D3B38}.Debug|x86.Build.0 = Debug|Win32
		{F80E7EDF-C40B-4482-A82A-1BE3B38D3B38}.Release|x64.ActiveCfg = Release|x64
		{F80E7EDF-C40B-4482-A82A-1BE3B38D3B38}.Release|x64.Build.0 = Release|x64
		{F80E7EDF-C40B-4482-A82A-1BE3B38D3B38}.Release|x86.ActiveCfg = Release|Win32
		{F80E7EDF-C40B-4482-A82A-1BE3B38D3B38}.Release|x86.Build.0 = Release|Win32
	EndGlobalSection
	GlobalSection(SolutionProperties) = preSolution
		HideSolutionNode = FALSE
	EndGlobalSection
	GlobalSection(ExtensibilityGlobals) = postSolution
		SolutionGuid = {420C2EF5-5093-4686-BEFB-F90E68EFBEFF}
	EndGlobalSection
EndGlobal
